# This file was autogenerated by Stack.
# You should not edit this file by hand.
# For more information, please see the documentation at:
#   https://docs.haskellstack.org/en/stable/lock_files

packages:
- completed:
    subdir: persistent
    name: persistent
    version: 2.13.0.0
    git: git@github.com:iand675/persistent.git
    pantry-tree:
      size: 3820
      sha256: 7276b56cf95344864074ce094b63a21cfc79bf73291535fe7a6c7ebc22488862
    commit: 6de5f682071a09e80b5f78a61dfe2a57356460a6
  original:
    subdir: persistent
    git: git@github.com:iand675/persistent.git
    commit: 6de5f682071a09e80b5f78a61dfe2a57356460a6
- completed:
    subdir: persistent-postgresql
    name: persistent-postgresql
    version: 2.13.0.0
    git: git@github.com:iand675/persistent.git
    pantry-tree:
      size: 968
      sha256: 00475aa41f0755d8b05ea08df1342fbe40165eefe7a017ba33255b93ced18c1e
    commit: 6de5f682071a09e80b5f78a61dfe2a57356460a6
  original:
    subdir: persistent-postgresql
    git: git@github.com:iand675/persistent.git
    commit: 6de5f682071a09e80b5f78a61dfe2a57356460a6
- completed:
    subdir: persistent-template
    name: persistent-template
    version: 2.12.0.0
    git: git@github.com:iand675/persistent.git
    pantry-tree:
      size: 267
      sha256: 6d31d8a3bde912d0c8b28d9d18caa77a5a7add42104d8bb109f7cd298f21a78f
    commit: 6de5f682071a09e80b5f78a61dfe2a57356460a6
  original:
    subdir: persistent-template
    git: git@github.com:iand675/persistent.git
    commit: 6de5f682071a09e80b5f78a61dfe2a57356460a6
- completed:
    subdir: persistent-qq
    name: persistent-qq
    version: 2.12.0.0
    git: git@github.com:iand675/persistent.git
    pantry-tree:
      size: 641
      sha256: 1e82d4e985d9f9a429b76ed0b6917dc5b797a37a997c234f48c3ade71248443e
    commit: 6de5f682071a09e80b5f78a61dfe2a57356460a6
  original:
    subdir: persistent-qq
    git: git@github.com:iand675/persistent.git
    commit: 6de5f682071a09e80b5f78a61dfe2a57356460a6
snapshots:
- completed:
    size: 567037
    url: https://raw.githubusercontent.com/commercialhaskell/stackage-snapshots/master/lts/17/9.yaml
    sha256: d7d8d5106e53d1669964bd8bd2b0f88a5ad192d772f5376384b76738fd992311
  original: lts-17.9
